
Microsoft Visual Studio Solution File, Format Version 12.00
# Visual Studio Version 17
VisualStudioVersion = 17.3.32929.385
MinimumVisualStudioVersion = 10.0.40219.1
Project("{FAE04EC0-301F-11D3-BF4B-00C04F79EFBC}") = "OneTimePassword.API", "OneTimePassword.API\OneTimePassword.API.csproj", "{7240C0C7-580D-4310-B16E-CA6C7FB1C621}"
EndProject
Project("{FAE04EC0-301F-11D3-BF4B-00C04F79EFBC}") = "OneTimePassword.Domain", "OneTimePassword.Domain\OneTimePassword.Domain.csproj", "{9464D422-33BD-49D8-B527-F74659CA96B8}"
EndProject
Project("{FAE04EC0-301F-11D3-BF4B-00C04F79EFBC}") = "OneTimePassword.BusinessLogic", "OneTimePassword.BusinessLogic\OneTimePassword.BusinessLogic.csproj", "{55942D8C-3020-41C4-A778-42927C2D11A1}"
EndProject
Project("{FAE04EC0-301F-11D3-BF4B-00C04F79EFBC}") = "OneTimePassword.BusinessLogicTests", "OneTimePassword.BusinessLogicTests\OneTimePassword.BusinessLogicTests.csproj", "{72C4362E-4E46-4838-892B-7F1EEBF71506}"
EndProject
Project("{54A90642-561A-4BB1-A94E-469ADEE60C69}") = "OneTimePassword.ClientApp", "OneTimePassword.ClientApp\OneTimePassword.ClientApp.esproj", "{6018FA6F-F47C-4E0C-9178-82156D9B4CF5}"
EndProject
Global
	GlobalSection(SolutionConfigurationPlatforms) = preSolution
		Debug|Any CPU = Debug|Any CPU
		Release|Any CPU = Release|Any CPU
	EndGlobalSection
	GlobalSection(ProjectConfigurationPlatforms) = postSolution
		{7240C0C7-580D-4310-B16E-CA6C7FB1C621}.Debug|Any CPU.ActiveCfg = Debug|Any CPU
		{7240C0C7-580D-4310-B16E-CA6C7FB1C621}.Debug|Any CPU.Build.0 = Debug|Any CPU
		{7240C0C7-580D-4310-B16E-CA6C7FB1C621}.Release|Any CPU.ActiveCfg = Release|Any CPU
		{7240C0C7-580D-4310-B16E-CA6C7FB1C621}.Release|Any CPU.Build.0 = Release|Any CPU
		{9464D422-33BD-49D8-B527-F74659CA96B8}.Debug|Any CPU.ActiveCfg = Debug|Any CPU
		{9464D422-33BD-49D8-B527-F74659CA96B8}.Debug|Any CPU.Build.0 = Debug|Any CPU
		{9464D422-33BD-49D8-B527-F74659CA96B8}.Release|Any CPU.ActiveCfg = Release|Any CPU
		{9464D422-33BD-49D8-B527-F74659CA96B8}.Release|Any CPU.Build.0 = Release|Any CPU
		{55942D8C-3020-41C4-A778-42927C2D11A1}.Debug|Any CPU.ActiveCfg = Debug|Any CPU
		{55942D8C-3020-41C4-A778-42927C2D11A1}.Debug|Any CPU.Build.0 = Debug|Any CPU
		{55942D8C-3020-41C4-A778-42927C2D11A1}.Release|Any CPU.ActiveCfg = Release|Any CPU
		{55942D8C-3020-41C4-A778-42927C2D11A1}.Release|Any CPU.Build.0 = Release|Any CPU
		{72C4362E-4E46-4838-892B-7F1EEBF71506}.Debug|Any CPU.ActiveCfg = Debug|Any CPU
		{72C4362E-4E46-4838-892B-7F1EEBF71506}.Debug|Any CPU.Build.0 = Debug|Any CPU
		{72C4362E-4E46-4838-892B-7F1EEBF71506}.Release|Any CPU.ActiveCfg = Release|Any CPU
		{72C4362E-4E46-4838-892B-7F1EEBF71506}.Release|Any CPU.Build.0 = Release|Any CPU
		{6018FA6F-F47C-4E0C-9178-82156D9B4CF5}.Debug|Any CPU.ActiveCfg = Debug|Any CPU
		{6018FA6F-F47C-4E0C-9178-82156D9B4CF5}.Debug|Any CPU.Build.0 = Debug|Any CPU
		{6018FA6F-F47C-4E0C-9178-82156D9B4CF5}.Debug|Any CPU.Deploy.0 = Debug|Any CPU
		{6018FA6F-F47C-4E0C-9178-82156D9B4CF5}.Release|Any CPU.ActiveCfg = Release|Any CPU
		{6018FA6F-F47C-4E0C-9178-82156D9B4CF5}.Release|Any CPU.Build.0 = Release|Any CPU
		{6018FA6F-F47C-4E0C-9178-82156D9B4CF5}.Release|Any CPU.Deploy.0 = Release|Any CPU
	EndGlobalSection
	GlobalSection(SolutionProperties) = preSolution
		HideSolutionNode = FALSE
	EndGlobalSection
	GlobalSection(ExtensibilityGlobals) = postSolution
		SolutionGuid = {DC827434-6C41-4C3C-B8C2-8D13FB8FD265}
	EndGlobalSection
EndGlobal
