
Microsoft Visual Studio Solution File, Format Version 12.00
# Visual Studio Version 17
VisualStudioVersion = 17.3.32929.385
MinimumVisualStudioVersion = 10.0.40219.1
Project("{9A19103F-16F7-4668-BE54-9A1E7A4F7556}") = "CustomList", "CustomList\CustomList.csproj", "{FE6D39B2-F3CB-46F2-B8B1-330AB504B76A}"
EndProject
Project("{FAE04EC0-301F-11D3-BF4B-00C04F79EFBC}") = "CustomListTests", "CustomListTests\CustomListTests.csproj", "{4B2B5EFE-A7B1-4FD5-90D7-757CBF00A10F}"
	ProjectSection(ProjectDependencies) = postProject
		{FE6D39B2-F3CB-46F2-B8B1-330AB504B76A} = {FE6D39B2-F3CB-46F2-B8B1-330AB504B76A}
	EndProjectSection
EndProject
Global
	GlobalSection(SolutionConfigurationPlatforms) = preSolution
		Debug|Any CPU = Debug|Any CPU
		Release|Any CPU = Release|Any CPU
	EndGlobalSection
	GlobalSection(ProjectConfigurationPlatforms) = postSolution
		{FE6D39B2-F3CB-46F2-B8B1-330AB504B76A}.Debug|Any CPU.ActiveCfg = Debug|Any CPU
		{FE6D39B2-F3CB-46F2-B8B1-330AB504B76A}.Debug|Any CPU.Build.0 = Debug|Any CPU
		{FE6D39B2-F3CB-46F2-B8B1-330AB504B76A}.Release|Any CPU.ActiveCfg = Release|Any CPU
		{FE6D39B2-F3CB-46F2-B8B1-330AB504B76A}.Release|Any CPU.Build.0 = Release|Any CPU
		{4B2B5EFE-A7B1-4FD5-90D7-757CBF00A10F}.Debug|Any CPU.ActiveCfg = Debug|Any CPU
		{4B2B5EFE-A7B1-4FD5-90D7-757CBF00A10F}.Debug|Any CPU.Build.0 = Debug|Any CPU
		{4B2B5EFE-A7B1-4FD5-90D7-757CBF00A10F}.Release|Any CPU.ActiveCfg = Release|Any CPU
		{4B2B5EFE-A7B1-4FD5-90D7-757CBF00A10F}.Release|Any CPU.Build.0 = Release|Any CPU
	EndGlobalSection
	GlobalSection(SolutionProperties) = preSolution
		HideSolutionNode = FALSE
	EndGlobalSection
	GlobalSection(ExtensibilityGlobals) = postSolution
		SolutionGuid = {EB105DE3-4532-4D10-A8A7-1965136A77E0}
	EndGlobalSection
EndGlobal
